
Microsoft Visual Studio Solution File, Format Version 12.00
# Visual Studio Version 17
VisualStudioVersion = 17.11.35222.181
MinimumVisualStudioVersion = 10.0.40219.1
Project("{FAE04EC0-301F-11D3-BF4B-00C04F79EFBC}") = "LAB1", "LAB1.csproj", "{21A76B88-20EF-49CB-B2C7-A85F244FA26A}"
EndProject
Global
	GlobalSection(SolutionConfigurationPlatforms) = preSolution
		Debug|Any CPU = Debug|Any CPU
		Release|Any CPU = Release|Any CPU
	EndGlobalSection
	GlobalSection(ProjectConfigurationPlatforms) = postSolution
		{21A76B88-20EF-49CB-B2C7-A85F244FA26A}.Debug|Any CPU.ActiveCfg = Debug|Any CPU
		{21A76B88-20EF-49CB-B2C7-A85F244FA26A}.Debug|Any CPU.Build.0 = Debug|Any CPU
		{21A76B88-20EF-49CB-B2C7-A85F244FA26A}.Release|Any CPU.ActiveCfg = Release|Any CPU
		{21A76B88-20EF-49CB-B2C7-A85F244FA26A}.Release|Any CPU.Build.0 = Release|Any CPU
	EndGlobalSection
	GlobalSection(SolutionProperties) = preSolution
		HideSolutionNode = FALSE
	EndGlobalSection
	GlobalSection(ExtensibilityGlobals) = postSolution
		SolutionGuid = {E230F929-812E-4AE6-9D55-8D5B52D636ED}
	EndGlobalSection
EndGlobal
